
Microsoft Visual Studio Solution File, Format Version 12.00
# Visual Studio Version 17
VisualStudioVersion = 17.4.33110.190
MinimumVisualStudioVersion = 10.0.40219.1
Project("{FAE04EC0-301F-11D3-BF4B-00C04F79EFBC}") = "Algorithm-Programs", "Algorithm-Programs.csproj", "{1DB9D2D7-0673-4AB6-A246-69F41AA9C78D}"
EndProject
Global
	GlobalSection(SolutionConfigurationPlatforms) = preSolution
		Debug|Any CPU = Debug|Any CPU
		Release|Any CPU = Release|Any CPU
	EndGlobalSection
	GlobalSection(ProjectConfigurationPlatforms) = postSolution
		{1DB9D2D7-0673-4AB6-A246-69F41AA9C78D}.Debug|Any CPU.ActiveCfg = Debug|Any CPU
		{1DB9D2D7-0673-4AB6-A246-69F41AA9C78D}.Debug|Any CPU.Build.0 = Debug|Any CPU
		{1DB9D2D7-0673-4AB6-A246-69F41AA9C78D}.Release|Any CPU.ActiveCfg = Release|Any CPU
		{1DB9D2D7-0673-4AB6-A246-69F41AA9C78D}.Release|Any CPU.Build.0 = Release|Any CPU
	EndGlobalSection
	GlobalSection(SolutionProperties) = preSolution
		HideSolutionNode = FALSE
	EndGlobalSection
	GlobalSection(ExtensibilityGlobals) = postSolution
		SolutionGuid = {17C18CC9-F4AE-4C5A-B838-14E4C70BA8B3}
	EndGlobalSection
EndGlobal
